version = 1
revision = 3
requires-python = "==3.11.*"

[[package]]
name = "annotated-doc"
version = "0.0.4"
source = { registry = "https://pypi.org/simple" }
sdist = { url = "https://files.pythonhosted.org/packages/57/ba/046ceea27344560984e26a590f90bc7f4a75b06701f653222458922b558c/annotated_doc-0.0.4.tar.gz", hash = "sha256:fbcda96e87e9c92ad167c2e53839e57503ecfda18804ea28102353485033faa4", size = 7288, upload-time = "2025-11-10T22:07:42.062Z" }
wheels = [
    { url = "https://files.pythonhosted.org/packages/1e/d3/26bf1008eb3d2daa8ef4cacc7f3bfdc11818d111f7e2d0201bc6e3b49d45/annotated_doc-0.0.4-py3-none-any.whl", hash = "sha256:571ac1dc6991c450b25a9c2d84a3705e2ae7a53467b5d111c24fa8baabbed320", size = 5303, upload-time = "2025-11-10T22:07:40.673Z" },
]

[[package]]
name = "annotated-types"
version = "0.7.0"
source = { registry = "https://pypi.org/simple" }
sdist = { url = "https://files.pythonhosted.org/packages/ee/67/531ea369ba64dcff5ec9c3402f9f51bf748cec26dde048a2f973a4eea7f5/annotated_types-0.7.0.tar.gz", hash = "sha256:aff07c09a53a08bc8cfccb9c85b05f1aa9a2a6f23728d790723543408344ce89", size = 16081, upload-time = "2024-05-20T21:33:25.928Z" }
wheels = [
    { url = "https://files.pythonhosted.org/packages/78/b6/6307fbef88d9b5ee7421e68d78a9f162e0da4900bc5f5793f6d3d0e34fb8/annotated_types-0.7.0-py3-none-any.whl", hash = "sha256:1f02e8b43a8fbbc3f3e0d4f0f4bfc8131bcb4eebe8849b8e5c773f3a1c582a53", size = 13643, upload-time = "2024-05-20T21:33:24.1Z" },
]

[[package]]
name = "anyio"
version = "4.14.1"
source = { registry = "https://pypi.org/simple" }
dependencies = [
    { name = "idna" },
    { name = "typing-extensions" },
]
sdist = { url = "https://files.pythonhosted.org/packages/3b/72/5562aabb8dd7181e8e860622a38bea08d17842b99ecd4c91f84ac95251b0/anyio-4.14.1.tar.gz", hash = "sha256:8d648a3544c1a700e3ff78615cd679e4c5c3f149904287e73687b2596963629e", size = 254831, upload-time = "2026-06-24T20:56:06.017Z" }
wheels = [
    { url = "https://files.pythonhosted.org/packages/b0/7b/90df4a0a816d98d6ea26f559d87836d494a2cf1fcf063be67df50a7bcc30/anyio-4.14.1-py3-none-any.whl", hash = "sha256:4e5533c5b8ff0a24f5d7a176cbe6877129cd183893f66b537f8f227d10527d72", size = 124875, upload-time = "2026-06-24T20:56:04.413Z" },
]

[[package]]
name = "certifi"
version = "2026.6.17"
source = { registry = "https://pypi.org/simple" }
sdist = { url = "https://files.pythonhosted.org/packages/c9/c7/424b75da314c1045981bd9777432fad05a9e0c69daa4ed7e308bbaffe405/certifi-2026.6.17.tar.gz", hash = "sha256:024c88eeec92ca068db80f02b8b07c9cef7b9fe261d1d535abfd5abd6f6af432", size = 134594, upload-time = "2026-06-17T10:31:07.894Z" }
wheels = [
    { url = "https://files.pythonhosted.org/packages/ef/2f/c5464532e965badff2f4c4c1a3a83f5697f0d7c407ed0cda44aaa99bb451/certifi-2026.6.17-py3-none-any.whl", hash = "sha256:2227dcbaafe0d2f59279d1762ddddc37783ed4354594f194ffc31d20f41fc3db", size = 133289, upload-time = "2026-06-17T10:31:06.348Z" },
]

[[package]]
name = "charset-normalizer"
version = "3.4.9"
source = { registry = "https://pypi.org/simple" }
sdist = { url = "https://files.pythonhosted.org/packages/bd/2a/23f34ec9d04624958e137efdc394888716353190e75f25dd22c7a2c7a8aa/charset_normalizer-3.4.9.tar.gz", hash = "sha256:673611bbd43f0810bec0b0f028ddeaaa501190339cac411f347ac76917c3ae7b", size = 152439, upload-time = "2026-07-07T14:34:58.454Z" }
wheels = [
    { url = "https://files.pythonhosted.org/packages/0b/e3/85ec501f206fb049259288c1f3506e53876937fb00edb47009348e66756b/charset_normalizer-3.4.9-cp311-cp311-macosx_10_9_universal2.whl", hash = "sha256:0e94703ec9684807f20cfb5eed95c70f67f2a8f21ad620146d7b5a13677b93e5", size = 317075, upload-time = "2026-07-07T14:32:56.021Z" },
    { url = "https://files.pythonhosted.org/packages/c3/69/2a5385192e67175f7d8bd5ce4f57c24bc956439adeae5c13a99aa28a53d1/charset_normalizer-3.4.9-cp311-cp311-manylinux2014_aarch64.manylinux_2_17_aarch64.manylinux_2_28_aarch64.whl", hash = "sha256:2a441ea71902098ffe78c5abe6c494f44160b4af614ed16c3d9a3b1d17fd8ee2", size = 213837, upload-time = "2026-07-07T14:32:57.78Z" },
    { url = "https://files.pythonhosted.org/packages/b3/46/03ddc7da576d814fe0a36dd1f0fd3258e95404b4b2e3c026b7923d7e133f/charset_normalizer-3.4.9-cp311-cp311-manylinux2014_ppc64le.manylinux_2_17_ppc64le.manylinux_2_28_ppc64le.whl", hash = "sha256:304b13570067b2547562e308af560b3963857b1fa90bd6afd978130130fe2d6a", size = 235503, upload-time = "2026-07-07T14:32:59.205Z" },
    { url = "https://files.pythonhosted.org/packages/4e/6e/de0229a7ef40f6f9d28a837eebf4ec47bdca5dab4e900c84f22919af636a/charset_normalizer-3.4.9-cp311-cp311-manylinux2014_s390x.manylinux_2_17_s390x.manylinux_2_28_s390x.whl", hash = "sha256:4773092f8019072343a7447203308b176e10199920eb02d6195e81bbb3274c29", size = 229944, upload-time = "2026-07-07T14:33:00.803Z" },
    { url = "https://files.pythonhosted.org/packages/a5/34/49b9060e8418b14fb5cba9cf6bfb383111e2538a03a1fb18e66a95aeb3d5/charset_normalizer-3.4.9-cp311-cp311-manylinux2014_x86_64.manylinux_2_17_x86_64.manylinux_2_28_x86_64.whl", hash = "sha256:04ce310cb89c15df659582aee80a0603788732a5e017d5bd5c81158106ce249c", size = 221276, upload-time = "2026-07-07T14:33:02.199Z" },
    { url = "https://files.pythonhosted.org/packages/44/95/80282cce0fae9c3061203d723ee87da996aed79679e65d8935050ee7ca1f/charset_normalizer-3.4.9-cp311-cp311-manylinux_2_31_armv7l.whl", hash = "sha256:c0323c9daef75ef2e5083624b4585018a0c9d5e3b40f607eed81a311270b934b", size = 205260, upload-time = "2026-07-07T14:33:03.698Z" },
    { url = "https://files.pythonhosted.org/packages/0c/74/2f62c8821b969ea3bd67cc2e6976834f48ca5d12664d2559ebcd9bcfbed7/charset_normalizer-3.4.9-cp311-cp311-manylinux_2_31_riscv64.manylinux_2_39_riscv64.whl", hash = "sha256:871ff67ea1aad4dfd91736464934d56b32dac49f9fbe16cddba36198a7b3a0db", size = 217786, upload-time = "2026-07-07T14:33:05.12Z" },
    { url = "https://files.pythonhosted.org/packages/d9/8d/feabb82cb49fcad14515b1d7d1ca4787b0da7fc723a212bf89bc9e0fac52/charset_normalizer-3.4.9-cp311-cp311-musllinux_1_2_aarch64.whl", hash = "sha256:67830fc78e67501f47bb950471b2dcb9b35b140084429318e862895a8e89c993", size = 216798, upload-time = "2026-07-07T14:33:06.629Z" },
    { url = "https://files.pythonhosted.org/packages/a5/ff/c946d63bc3786d5b84d960b0f7ab7e25b828486a946b5aa997625bcaf6a6/charset_normalizer-3.4.9-cp311-cp311-musllinux_1_2_armv7l.whl", hash = "sha256:3d92613ec25e43b05f042302531ec0f00b8445190e43325880cbd6ab7c2581da", size = 206429, upload-time = "2026-07-07T14:33:08.006Z" },
    { url = "https://files.pythonhosted.org/packages/af/ba/5e5007c370702f85d2ef75791fac7943ed41e080364a673b20142e430e3e/charset_normalizer-3.4.9-cp311-cp311-musllinux_1_2_x86_64.whl", hash = "sha256:280081916dc341820640489a66e4696049401ef1cf6dd672f672e70ad915aca3", size = 223066, upload-time = "2026-07-07T14:33:09.783Z" },
    { url = "https://files.pythonhosted.org/packages/83/d5/9096aa3cf532dfad237861544eb47a0f20d5adbf1039760fed8eaae935d9/charset_normalizer-3.4.9-cp311-cp311-win32.whl", hash = "sha256:ac351b3b8014eead140e77e9717e2992c6bbe30b63bc3422422eb84865412e3d", size = 150456, upload-time = "2026-07-07T14:33:11.217Z" },
    { url = "https://files.pythonhosted.org/packages/ed/a1/e29995109e455dc8eff8d0fac6ae509be39561318a7cfeac5d33ad029213/charset_normalizer-3.4.9-cp311-cp311-win_amd64.whl", hash = "sha256:6366a16e1a25018694d6a5d784d09b046edc9eac40ea2b54065c3052672516a1", size = 161410, upload-time = "2026-07-07T14:33:12.743Z" },
    { url = "https://files.pythonhosted.org/packages/4f/8d/1569f4d0032d6ba2a4fe4591c35bf87868c600c41a71eb5c2e1ffa8464c2/charset_normalizer-3.4.9-cp311-cp311-win_arm64.whl", hash = "sha256:1d22856ffbe153a602df38e4a5464f0b748a54002e0d69ac6d2ad0a197cc99ec", size = 152649, upload-time = "2026-07-07T14:33:14.173Z" },
    { url = "https://files.pythonhosted.org/packages/98/2b/f97f1c193fb855c345d678f5077d6926034db0722df74c8f057020e05a25/charset_normalizer-3.4.9-py3-none-any.whl", hash = "sha256:68e5f26a1ad57ded6d1cfb85331d1c1a195314756471d97758c48498bb4dcdf5", size = 64538, upload-time = "2026-07-07T14:34:56.993Z" },
]

[[package]]
name = "click"
version = "8.4.2"
source = { registry = "https://pypi.org/simple" }
dependencies = [
    { name = "colorama", marker = "sys_platform == 'win32'" },
]
sdist = { url = "https://files.pythonhosted.org/packages/76/d4/81420972a676e8ffea40450d8c8c92943e7218a78fe9b64359836cc9876b/click-8.4.2.tar.gz", hash = "sha256:9a6cea6e60b17ebe0a44c5cc636d94f09bd66142c1cd7d8b4cd731c4917a15f6", size = 338000, upload-time = "2026-06-24T17:45:15.148Z" }
wheels = [
    { url = "https://files.pythonhosted.org/packages/fb/e2/79c688af8b210d232694e31e59da9f6ec747bae31c3f5946e4e9b98860d5/click-8.4.2-py3-none-any.whl", hash = "sha256:e6f9f66136c816745b9d65817da91d61d957fb16e02e4dcd0552553c5a197b76", size = 119243, upload-time = "2026-06-24T17:45:13.73Z" },
]

[[package]]
name = "colorama"
version = "0.4.6"
source = { registry = "https://pypi.org/simple" }
sdist = { url = "https://files.pythonhosted.org/packages/d8/53/6f443c9a4a8358a93a6792e2acffb9d9d5cb0a5cfd8802644b7b1c9a02e4/colorama-0.4.6.tar.gz", hash = "sha256:08695f5cb7ed6e0531a20572697297273c47b8cae5a63ffc6d6ed5c201be6e44", size = 27697, upload-time = "2022-10-25T02:36:22.414Z" }
wheels = [
    { url = "https://files.pythonhosted.org/packages/d1/d6/3965ed04c63042e047cb6a3e6ed1a63a35087b6a609aa3a15ed8ac56c221/colorama-0.4.6-py2.py3-none-any.whl", hash = "sha256:4f1d9991f5acc0ca119f9d443620b77f9d6b33703e51011c16baf57afb285fc6", size = 25335, upload-time = "2022-10-25T02:36:20.889Z" },
]

[[package]]
name = "dropbox"
version = "11.36.2"
source = { registry = "https://pypi.org/simple" }
dependencies = [
    { name = "requests" },
    { name = "six" },
    { name = "stone" },
]
sdist = { url = "https://files.pythonhosted.org/packages/8d/0f/2059c5ef8669e625a533661a2054a82241696954df6662aeee51a34b1022/dropbox-11.36.2.tar.gz", hash = "sha256:d48d3d16d486c78b11c14a1c4a28a2611fbf5a0d0a358b861bfd9482e603c500", size = 585092, upload-time = "2023-06-12T23:39:46.394Z" }
wheels = [
    { url = "https://files.pythonhosted.org/packages/86/96/1cd39be567d8e361fc06a4135e40ddbf1410f99524771a7f3e5807a26a35/dropbox-11.36.2-py3-none-any.whl", hash = "sha256:a21e4d2bcbeb1d8067ff87969aea48792c9a8266182491153feff2be9c1b9c8f", size = 594038, upload-time = "2023-06-12T23:39:44.245Z" },
]

[[package]]
name = "et-xmlfile"
version = "2.0.0"
source = { registry = "https://pypi.org/simple" }
sdist = { url = "https://files.pythonhosted.org/packages/d3/38/af70d7ab1ae9d4da450eeec1fa3918940a5fafb9055e934af8d6eb0c2313/et_xmlfile-2.0.0.tar.gz", hash = "sha256:dab3f4764309081ce75662649be815c4c9081e88f0837825f90fd28317d4da54", size = 17234, upload-time = "2024-10-25T17:25:40.039Z" }
wheels = [
    { url = "https://files.pythonhosted.org/packages/c1/8b/5fe2cc11fee489817272089c4203e679c63b570a5aaeb18d852ae3cbba6a/et_xmlfile-2.0.0-py3-none-any.whl", hash = "sha256:7a91720bc756843502c3b7504c77b8fe44217c85c537d85037f0f536151b2caa", size = 18059, upload-time = "2024-10-25T17:25:39.051Z" },
]

[[package]]
name = "fastapi"
version = "0.139.0"
source = { registry = "https://pypi.org/simple" }
dependencies = [
    { name = "annotated-doc" },
    { name = "pydantic" },
    { name = "starlette" },
    { name = "typing-extensions" },
    { name = "typing-inspection" },
]
sdist = { url = "https://files.pythonhosted.org/packages/d3/af/a5f50ccfa659ec1802cb4ca842c23f06d906a8cc9aef6016a2caeea3d4ed/fastapi-0.139.0.tar.gz", hash = "sha256:99ab7b2d92223c76d6cf10757ab3f89d45b38267fc20b2a136cf02f6beac3145", size = 423016, upload-time = "2026-07-01T16:35:33.436Z" }
wheels = [
    { url = "https://files.pythonhosted.org/packages/9e/7c/8e3c6ad324ea5cb36604fc3f968554887891c316d9dfde57761611d907ad/fastapi-0.139.0-py3-none-any.whl", hash = "sha256:cf15e1e9e667ddb0ad63811e60bd11390d1aac838ca4a7a23f421807b2308189", size = 130339, upload-time = "2026-07-01T16:35:32.19Z" },
]

[[package]]
name = "h11"
version = "0.16.0"
source = { registry = "https://pypi.org/simple" }
sdist = { url = "https://files.pythonhosted.org/packages/01/ee/02a2c011bdab74c6fb3c75474d40b3052059d95df7e73351460c8588d963/h11-0.16.0.tar.gz", hash = "sha256:4e35b956cf45792e4caa5885e69fba00bdbc6ffafbfa020300e549b208ee5ff1", size = 101250, upload-time = "2025-04-24T03:35:25.427Z" }
wheels = [
    { url = "https://files.pythonhosted.org/packages/04/4b/29cac41a4d98d144bf5f6d33995617b185d14b22401f75ca86f384e87ff1/h11-0.16.0-py3-none-any.whl", hash = "sha256:63cf8bbe7522de3bf65932fda1d9c2772064ffb3dae62d55932da54b31cb6c86", size = 37515, upload-time = "2025-04-24T03:35:24.344Z" },
]

[[package]]
name = "idna"
version = "3.18"
source = { registry = "https://pypi.org/simple" }
sdist = { url = "https://files.pythonhosted.org/packages/cd/63/9496c57188a2ee585e0f1db071d75089a11e98aa86eb99d9d7618fc1edce/idna-3.18.tar.gz", hash = "sha256:ffb385a7e039654cef1ab9ef32c6fafe283c0c0467bba1d9029738ce4a14a848", size = 196711, upload-time = "2026-06-02T14:34:07.794Z" }
wheels = [
    { url = "https://files.pythonhosted.org/packages/1e/5e/d4e9f1a599fb8e573b7b87160658329fbf28d19eac2718f51fc3def3aa5a/idna-3.18-py3-none-any.whl", hash = "sha256:7f952cbe720b688055e3f87de14f5c3e5fdaa8bc3928985c4077ca689de849a2", size = 65455, upload-time = "2026-06-02T14:34:06.319Z" },
]

[[package]]
name = "into-the-grape-vine"
version = "0.1.0"
source = { virtual = "." }
dependencies = [
    { name = "dropbox" },
    { name = "fastapi" },
    { name = "openpyxl" },
    { name = "python-dotenv" },
    { name = "requests" },
    { name = "setuptools" },
    { name = "uvicorn" },
]

[package.metadata]
requires-dist = [
    { name = "dropbox", specifier = ">=11.36.0,<12.0.0" },
    { name = "fastapi", specifier = ">=0.115.0" },
    { name = "openpyxl", specifier = ">=3.1.0" },
    { name = "python-dotenv", specifier = ">=1.0.0" },
    { name = "requests", specifier = ">=2.31.0" },
    { name = "setuptools", specifier = "==68.0.0" },
    { name = "uvicorn", specifier = ">=0.32.0" },
]

[[package]]
name = "jinja2"
version = "3.1.6"
source = { registry = "https://pypi.org/simple" }
dependencies = [
    { name = "markupsafe" },
]
sdist = { url = "https://files.pythonhosted.org/packages/df/bf/f7da0350254c0ed7c72f3e33cef02e048281fec7ecec5f032d4aac52226b/jinja2-3.1.6.tar.gz", hash = "sha256:0137fb05990d35f1275a587e9aee6d56da821fc83491a0fb838183be43f66d6d", size = 245115, upload-time = "2025-03-05T20:05:02.478Z" }
wheels = [
    { url = "https://files.pythonhosted.org/packages/62/a1/3d680cbfd5f4b8f15abc1d571870c5fc3e594bb582bc3b64ea099db13e56/jinja2-3.1.6-py3-none-any.whl", hash = "sha256:85ece4451f492d0c13c5dd7c13a64681a86afae63a5f347908daf103ce6d2f67", size = 134899, upload-time = "2025-03-05T20:05:00.369Z" },
]

[[package]]
name = "markupsafe"
version = "3.0.3"
source = { registry = "https://pypi.org/simple" }
sdist = { url = "https://files.pythonhosted.org/packages/7e/99/7690b6d4034fffd95959cbe0c02de8deb3098cc577c67bb6a24fe5d7caa7/markupsafe-3.0.3.tar.gz", hash = "sha256:722695808f4b6457b320fdc131280796bdceb04ab50fe1795cd540799ebe1698", size = 80313, upload-time = "2025-09-27T18:37:40.426Z" }
wheels = [
    { url = "https://files.pythonhosted.org/packages/08/db/fefacb2136439fc8dd20e797950e749aa1f4997ed584c62cfb8ef7c2be0e/markupsafe-3.0.3-cp311-cp311-macosx_10_9_x86_64.whl", hash = "sha256:1cc7ea17a6824959616c525620e387f6dd30fec8cb44f649e31712db02123dad", size = 11631, upload-time = "2025-09-27T18:36:18.185Z" },
    { url = "https://files.pythonhosted.org/packages/e1/2e/5898933336b61975ce9dc04decbc0a7f2fee78c30353c5efba7f2d6ff27a/markupsafe-3.0.3-cp311-cp311-macosx_11_0_arm64.whl", hash = "sha256:4bd4cd07944443f5a265608cc6aab442e4f74dff8088b0dfc8238647b8f6ae9a", size = 12058, upload-time = "2025-09-27T18:36:19.444Z" },
    { url = "https://files.pythonhosted.org/packages/1d/09/adf2df3699d87d1d8184038df46a9c80d78c0148492323f4693df54e17bb/markupsafe-3.0.3-cp311-cp311-manylinux2014_aarch64.manylinux_2_17_aarch64.manylinux_2_28_aarch64.whl", hash = "sha256:6b5420a1d9450023228968e7e6a9ce57f65d148ab56d2313fcd589eee96a7a50", size = 24287, upload-time = "2025-09-27T18:36:20.768Z" },
    { url = "https://files.pythonhosted.org/packages/30/ac/0273f6fcb5f42e314c6d8cd99effae6a5354604d461b8d392b5ec9530a54/markupsafe-3.0.3-cp311-cp311-manylinux2014_x86_64.manylinux_2_17_x86_64.manylinux_2_28_x86_64.whl", hash = "sha256:0bf2a864d67e76e5c9a34dc26ec616a66b9888e25e7b9460e1c76d3293bd9dbf", size = 22940, upload-time = "2025-09-27T18:36:22.249Z" },
    { url = "https://files.pythonhosted.org/packages/19/ae/31c1be199ef767124c042c6c3e904da327a2f7f0cd63a0337e1eca2967a8/markupsafe-3.0.3-cp311-cp311-manylinux_2_31_riscv64.manylinux_2_39_riscv64.whl", hash = "sha256:bc51efed119bc9cfdf792cdeaa4d67e8f6fcccab66ed4bfdd6bde3e59bfcbb2f", size = 21887, upload-time = "2025-09-27T18:36:23.535Z" },
    { url = "https://files.pythonhosted.org/packages/b2/76/7edcab99d5349a4532a459e1fe64f0b0467a3365056ae550d3bcf3f79e1e/markupsafe-3.0.3-cp311-cp311-musllinux_1_2_aarch64.whl", hash = "sha256:068f375c472b3e7acbe2d5318dea141359e6900156b5b2ba06a30b169086b91a", size = 23692, upload-time = "2025-09-27T18:36:24.823Z" },
    { url = "https://files.pythonhosted.org/packages/a4/28/6e74cdd26d7514849143d69f0bf2399f929c37dc2b31e6829fd2045b2765/markupsafe-3.0.3-cp311-cp311-musllinux_1_2_riscv64.whl", hash = "sha256:7be7b61bb172e1ed687f1754f8e7484f1c8019780f6f6b0786e76bb01c2ae115", size = 21471, upload-time = "2025-09-27T18:36:25.95Z" },
    { url = "https://files.pythonhosted.org/packages/62/7e/a145f36a5c2945673e590850a6f8014318d5577ed7e5920a4b3448e0865d/markupsafe-3.0.3-cp311-cp311-musllinux_1_2_x86_64.whl", hash = "sha256:f9e130248f4462aaa8e2552d547f36ddadbeaa573879158d721bbd33dfe4743a", size = 22923, upload-time = "2025-09-27T18:36:27.109Z" },
    { url = "https://files.pythonhosted.org/packages/0f/62/d9c46a7f5c9adbeeeda52f5b8d802e1094e9717705a645efc71b0913a0a8/markupsafe-3.0.3-cp311-cp311-win32.whl", hash = "sha256:0db14f5dafddbb6d9208827849fad01f1a2609380add406671a26386cdf15a19", size = 14572, upload-time = "2025-09-27T18:36:28.045Z" },
    { url = "https://files.pythonhosted.org/packages/83/8a/4414c03d3f891739326e1783338e48fb49781cc915b2e0ee052aa490d586/markupsafe-3.0.3-cp311-cp311-win_amd64.whl", hash = "sha256:de8a88e63464af587c950061a5e6a67d3632e36df62b986892331d4620a35c01", size = 15077, upload-time = "2025-09-27T18:36:29.025Z" },
    { url = "https://files.pythonhosted.org/packages/35/73/893072b42e6862f319b5207adc9ae06070f095b358655f077f69a35601f0/markupsafe-3.0.3-cp311-cp311-win_arm64.whl", hash = "sha256:3b562dd9e9ea93f13d53989d23a7e775fdfd1066c33494ff43f5418bc8c58a5c", size = 13876, upload-time = "2025-09-27T18:36:29.954Z" },
]

[[package]]
name = "openpyxl"
version = "3.1.5"
source = { registry = "https://pypi.org/simple" }
dependencies = [
    { name = "et-xmlfile" },
]
sdist = { url = "https://files.pythonhosted.org/packages/3d/f9/88d94a75de065ea32619465d2f77b29a0469500e99012523b91cc4141cd1/openpyxl-3.1.5.tar.gz", hash = "sha256:cf0e3cf56142039133628b5acffe8ef0c12bc902d2aadd3e0fe5878dc08d1050", size = 186464, upload-time = "2024-06-28T14:03:44.161Z" }
wheels = [
    { url = "https://files.pythonhosted.org/packages/c0/da/977ded879c29cbd04de313843e76868e6e13408a94ed6b987245dc7c8506/openpyxl-3.1.5-py2.py3-none-any.whl", hash = "sha256:5282c12b107bffeef825f4617dc029afaf41d0ea60823bbb665ef3079dc79de2", size = 250910, upload-time = "2024-06-28T14:03:41.161Z" },
]

[[package]]
name = "packaging"
version = "26.2"
source = { registry = "https://pypi.org/simple" }
sdist = { url = "https://files.pythonhosted.org/packages/d7/f1/e7a6dd94a8d4a5626c03e4e99c87f241ba9e350cd9e6d75123f992427270/packaging-26.2.tar.gz", hash = "sha256:ff452ff5a3e828ce110190feff1178bb1f2ea2281fa2075aadb987c2fb221661", size = 228134, upload-time = "2026-04-24T20:15:23.917Z" }
wheels = [
    { url = "https://files.pythonhosted.org/packages/df/b2/87e62e8c3e2f4b32e5fe99e0b86d576da1312593b39f47d8ceef365e95ed/packaging-26.2-py3-none-any.whl", hash = "sha256:5fc45236b9446107ff2415ce77c807cee2862cb6fac22b8a73826d0693b0980e", size = 100195, upload-time = "2026-04-24T20:15:22.081Z" },
]

[[package]]
name = "ply"
version = "3.11"
source = { registry = "https://pypi.org/simple" }
sdist = { url = "https://files.pythonhosted.org/packages/e5/69/882ee5c9d017149285cab114ebeab373308ef0f874fcdac9beb90e0ac4da/ply-3.11.tar.gz", hash = "sha256:00c7c1aaa88358b9c765b6d3000c6eec0ba42abca5351b095321aef446081da3", size = 159130, upload-time = "2018-02-15T19:01:31.097Z" }
wheels = [
    { url = "https://files.pythonhosted.org/packages/a3/58/35da89ee790598a0700ea49b2a66594140f44dec458c07e8e3d4979137fc/ply-3.11-py2.py3-none-any.whl", hash = "sha256:096f9b8350b65ebd2fd1346b12452efe5b9607f7482813ffca50c22722a807ce", size = 49567, upload-time = "2018-02-15T19:01:27.172Z" },
]

[[package]]
name = "pydantic"
version = "2.12.5"
source = { registry = "https://pypi.org/simple" }
dependencies = [
    { name = "annotated-types" },
    { name = "pydantic-core" },
    { name = "typing-extensions" },
    { name = "typing-inspection" },
]
sdist = { url = "https://files.pythonhosted.org/packages/69/44/36f1a6e523abc58ae5f928898e4aca2e0ea509b5aa6f6f392a5d882be928/pydantic-2.12.5.tar.gz", hash = "sha256:4d351024c75c0f085a9febbb665ce8c0c6ec5d30e903bdb6394b7ede26aebb49", size = 821591, upload-time = "2025-11-26T15:11:46.471Z" }
wheels = [
    { url = "https://files.pythonhosted.org/packages/5a/87/b70ad306ebb6f9b585f114d0ac2137d792b48be34d732d60e597c2f8465a/pydantic-2.12.5-py3-none-any.whl", hash = "sha256:e561593fccf61e8a20fc46dfc2dfe075b8be7d0188df33f221ad1f0139180f9d", size = 463580, upload-time = "2025-11-26T15:11:44.605Z" },
]

[[package]]
name = "pydantic-core"
version = "2.41.5"
source = { registry = "https://pypi.org/simple" }
dependencies = [
    { name = "typing-extensions" },
]
sdist = { url = "https://files.pythonhosted.org/packages/71/70/23b021c950c2addd24ec408e9ab05d59b035b39d97cdc1130e1bce647bb6/pydantic_core-2.41.5.tar.gz", hash = "sha256:08daa51ea16ad373ffd5e7606252cc32f07bc72b28284b6bc9c6df804816476e", size = 460952, upload-time = "2025-11-04T13:43:49.098Z" }
wheels = [
    { url = "https://files.pythonhosted.org/packages/e8/72/74a989dd9f2084b3d9530b0915fdda64ac48831c30dbf7c72a41a5232db8/pydantic_core-2.41.5-cp311-cp311-macosx_10_12_x86_64.whl", hash = "sha256:a3a52f6156e73e7ccb0f8cced536adccb7042be67cb45f9562e12b319c119da6", size = 2105873, upload-time = "2025-11-04T13:39:31.373Z" },
    { url = "https://files.pythonhosted.org/packages/12/44/37e403fd9455708b3b942949e1d7febc02167662bf1a7da5b78ee1ea2842/pydantic_core-2.41.5-cp311-cp311-macosx_11_0_arm64.whl", hash = "sha256:7f3bf998340c6d4b0c9a2f02d6a400e51f123b59565d74dc60d252ce888c260b", size = 1899826, upload-time = "2025-11-04T13:39:32.897Z" },
    { url = "https://files.pythonhosted.org/packages/33/7f/1d5cab3ccf44c1935a359d51a8a2a9e1a654b744b5e7f80d41b88d501eec/pydantic_core-2.41.5-cp311-cp311-manylinux_2_17_aarch64.manylinux2014_aarch64.whl", hash = "sha256:378bec5c66998815d224c9ca994f1e14c0c21cb95d2f52b6021cc0b2a58f2a5a", size = 1917869, upload-time = "2025-11-04T13:39:34.469Z" },
    { url = "https://files.pythonhosted.org/packages/6e/6a/30d94a9674a7fe4f4744052ed6c5e083424510be1e93da5bc47569d11810/pydantic_core-2.41.5-cp311-cp311-manylinux_2_17_armv7l.manylinux2014_armv7l.whl", hash = "sha256:e7b576130c69225432866fe2f4a469a85a54ade141d96fd396dffcf607b558f8", size = 2063890, upload-time = "2025-11-04T13:39:36.053Z" },
    { url = "https://files.pythonhosted.org/packages/50/be/76e5d46203fcb2750e542f32e6c371ffa9b8ad17364cf94bb0818dbfb50c/pydantic_core-2.41.5-cp311-cp311-manylinux_2_17_ppc64le.manylinux2014_ppc64le.whl", hash = "sha256:6cb58b9c66f7e4179a2d5e0f849c48eff5c1fca560994d6eb6543abf955a149e", size = 2229740, upload-time = "2025-11-04T13:39:37.753Z" },
    { url = "https://files.pythonhosted.org/packages/d3/ee/fed784df0144793489f87db310a6bbf8118d7b630ed07aa180d6067e653a/pydantic_core-2.41.5-cp311-cp311-manylinux_2_17_s390x.manylinux2014_s390x.whl", hash = "sha256:88942d3a3dff3afc8288c21e565e476fc278902ae4d6d134f1eeda118cc830b1", size = 2350021, upload-time = "2025-11-04T13:39:40.94Z" },
    { url = "https://files.pythonhosted.org/packages/c8/be/8fed28dd0a180dca19e72c233cbf58efa36df055e5b9d90d64fd1740b828/pydantic_core-2.41.5-cp311-cp311-manylinux_2_17_x86_64.manylinux2014_x86_64.whl", hash = "sha256:f31d95a179f8d64d90f6831d71fa93290893a33148d890ba15de25642c5d075b", size = 2066378, upload-time = "2025-11-04T13:39:42.523Z" },
    { url = "https://files.pythonhosted.org/packages/b0/3b/698cf8ae1d536a010e05121b4958b1257f0b5522085e335360e53a6b1c8b/pydantic_core-2.41.5-cp311-cp311-manylinux_2_5_i686.manylinux1_i686.whl", hash = "sha256:c1df3d34aced70add6f867a8cf413e299177e0c22660cc767218373d0779487b", size = 2175761, upload-time = "2025-11-04T13:39:44.553Z" },
    { url = "https://files.pythonhosted.org/packages/b8/ba/15d537423939553116dea94ce02f9c31be0fa9d0b806d427e0308ec17145/pydantic_core-2.41.5-cp311-cp311-musllinux_1_1_aarch64.whl", hash = "sha256:4009935984bd36bd2c774e13f9a09563ce8de4abaa7226f5108262fa3e637284", size = 2146303, upload-time = "2025-11-04T13:39:46.238Z" },
    { url = "https://files.pythonhosted.org/packages/58/7f/0de669bf37d206723795f9c90c82966726a2ab06c336deba4735b55af431/pydantic_core-2.41.5-cp311-cp311-musllinux_1_1_armv7l.whl", hash = "sha256:34a64bc3441dc1213096a20fe27e8e128bd3ff89921706e83c0b1ac971276594", size = 2340355, upload-time = "2025-11-04T13:39:48.002Z" },
    { url = "https://files.pythonhosted.org/packages/e5/de/e7482c435b83d7e3c3ee5ee4451f6e8973cff0eb6007d2872ce6383f6398/pydantic_core-2.41.5-cp311-cp311-musllinux_1_1_x86_64.whl", hash = "sha256:c9e19dd6e28fdcaa5a1de679aec4141f691023916427ef9bae8584f9c2fb3b0e", size = 2319875, upload-time = "2025-11-04T13:39:49.705Z" },
    { url = "https://files.pythonhosted.org/packages/fe/e6/8c9e81bb6dd7560e33b9053351c29f30c8194b72f2d6932888581f503482/pydantic_core-2.41.5-cp311-cp311-win32.whl", hash = "sha256:2c010c6ded393148374c0f6f0bf89d206bf3217f201faa0635dcd56bd1520f6b", size = 1987549, upload-time = "2025-11-04T13:39:51.842Z" },
    { url = "https://files.pythonhosted.org/packages/11/66/f14d1d978ea94d1bc21fc98fcf570f9542fe55bfcc40269d4e1a21c19bf7/pydantic_core-2.41.5-cp311-cp311-win_amd64.whl", hash = "sha256:76ee27c6e9c7f16f47db7a94157112a2f3a00e958bc626e2f4ee8bec5c328fbe", size = 2011305, upload-time = "2025-11-04T13:39:53.485Z" },
    { url = "https://files.pythonhosted.org/packages/56/d8/0e271434e8efd03186c5386671328154ee349ff0354d83c74f5caaf096ed/pydantic_core-2.41.5-cp311-cp311-win_arm64.whl", hash = "sha256:4bc36bbc0b7584de96561184ad7f012478987882ebf9f9c389b23f432ea3d90f", size = 1972902, upload-time = "2025-11-04T13:39:56.488Z" },
    { url = "https://files.pythonhosted.org/packages/11/72/90fda5ee3b97e51c494938a4a44c3a35a9c96c19bba12372fb9c634d6f57/pydantic_core-2.41.5-graalpy311-graalpy242_311_native-macosx_10_12_x86_64.whl", hash = "sha256:b96d5f26b05d03cc60f11a7761a5ded1741da411e7fe0909e27a5e6a0cb7b034", size = 2115441, upload-time = "2025-11-04T13:42:39.557Z" },
    { url = "https://files.pythonhosted.org/packages/1f/53/8942f884fa33f50794f119012dc6a1a02ac43a56407adaac20463df8e98f/pydantic_core-2.41.5-graalpy311-graalpy242_311_native-macosx_11_0_arm64.whl", hash = "sha256:634e8609e89ceecea15e2d61bc9ac3718caaaa71963717bf3c8f38bfde64242c", size = 1930291, upload-time = "2025-11-04T13:42:42.169Z" },
    { url = "https://files.pythonhosted.org/packages/79/c8/ecb9ed9cd942bce09fc888ee960b52654fbdbede4ba6c2d6e0d3b1d8b49c/pydantic_core-2.41.5-graalpy311-graalpy242_311_native-manylinux_2_17_aarch64.manylinux2014_aarch64.whl", hash = "sha256:93e8740d7503eb008aa2df04d3b9735f845d43ae845e6dcd2be0b55a2da43cd2", size = 1948632, upload-time = "2025-11-04T13:42:44.564Z" },
    { url = "https://files.pythonhosted.org/packages/2e/1b/687711069de7efa6af934e74f601e2a4307365e8fdc404703afc453eab26/pydantic_core-2.41.5-graalpy311-graalpy242_311_native-manylinux_2_17_x86_64.manylinux2014_x86_64.whl", hash = "sha256:f15489ba13d61f670dcc96772e733aad1a6f9c429cc27574c6cdaed82d0146ad", size = 2138905, upload-time = "2025-11-04T13:42:47.156Z" },
    { url = "https://files.pythonhosted.org/packages/5f/9b/1b3f0e9f9305839d7e84912f9e8bfbd191ed1b1ef48083609f0dabde978c/pydantic_core-2.41.5-pp311-pypy311_pp73-macosx_10_12_x86_64.whl", hash = "sha256:b2379fa7ed44ddecb5bfe4e48577d752db9fc10be00a6b7446e9663ba143de26", size = 2101980, upload-time = "2025-11-04T13:43:25.97Z" },
    { url = "https://files.pythonhosted.org/packages/a4/ed/d71fefcb4263df0da6a85b5d8a7508360f2f2e9b3bf5814be9c8bccdccc1/pydantic_core-2.41.5-pp311-pypy311_pp73-macosx_11_0_arm64.whl", hash = "sha256:266fb4cbf5e3cbd0b53669a6d1b039c45e3ce651fd5442eff4d07c2cc8d66808", size = 1923865, upload-time = "2025-11-04T13:43:28.763Z" },
    { url = "https://files.pythonhosted.org/packages/ce/3a/626b38db460d675f873e4444b4bb030453bbe7b4ba55df821d026a0493c4/pydantic_core-2.41.5-pp311-pypy311_pp73-manylinux_2_17_x86_64.manylinux2014_x86_64.whl", hash = "sha256:58133647260ea01e4d0500089a8c4f07bd7aa6ce109682b1426394988d8aaacc", size = 2134256, upload-time = "2025-11-04T13:43:31.71Z" },
    { url = "https://files.pythonhosted.org/packages/83/d9/8412d7f06f616bbc053d30cb4e5f76786af3221462ad5eee1f202021eb4e/pydantic_core-2.41.5-pp311-pypy311_pp73-manylinux_2_5_i686.manylinux1_i686.whl", hash = "sha256:287dad91cfb551c363dc62899a80e9e14da1f0e2b6ebde82c806612ca2a13ef1", size = 2174762, upload-time = "2025-11-04T13:43:34.744Z" },
    { url = "https://files.pythonhosted.org/packages/55/4c/162d906b8e3ba3a99354e20faa1b49a85206c47de97a639510a0e673f5da/pydantic_core-2.41.5-pp311-pypy311_pp73-musllinux_1_1_aarch64.whl", hash = "sha256:03b77d184b9eb40240ae9fd676ca364ce1085f203e1b1256f8ab9984dca80a84", size = 2143141, upload-time = "2025-11-04T13:43:37.701Z" },
    { url = "https://files.pythonhosted.org/packages/1f/f2/f11dd73284122713f5f89fc940f370d035fa8e1e078d446b3313955157fe/pydantic_core-2.41.5-pp311-pypy311_pp73-musllinux_1_1_armv7l.whl", hash = "sha256:a668ce24de96165bb239160b3d854943128f4334822900534f2fe947930e5770", size = 2330317, upload-time = "2025-11-04T13:43:40.406Z" },
    { url = "https://files.pythonhosted.org/packages/88/9d/b06ca6acfe4abb296110fb1273a4d848a0bfb2ff65f3ee92127b3244e16b/pydantic_core-2.41.5-pp311-pypy311_pp73-musllinux_1_1_x86_64.whl", hash = "sha256:f14f8f046c14563f8eb3f45f499cc658ab8d10072961e07225e507adb700e93f", size = 2316992, upload-time = "2025-11-04T13:43:43.602Z" },
    { url = "https://files.pythonhosted.org/packages/36/c7/cfc8e811f061c841d7990b0201912c3556bfeb99cdcb7ed24adc8d6f8704/pydantic_core-2.41.5-pp311-pypy311_pp73-win_amd64.whl", hash = "sha256:56121965f7a4dc965bff783d70b907ddf3d57f6eba29b6d2e5dabfaf07799c51", size = 2145302, upload-time = "2025-11-04T13:43:46.64Z" },
]

[[package]]
name = "python-dotenv"
version = "1.2.2"
source = { registry = "https://pypi.org/simple" }
sdist = { url = "https://files.pythonhosted.org/packages/82/ed/0301aeeac3e5353ef3d94b6ec08bbcabd04a72018415dcb29e588514bba8/python_dotenv-1.2.2.tar.gz", hash = "sha256:2c371a91fbd7ba082c2c1dc1f8bf89ca22564a087c2c287cd9b662adde799cf3", size = 50135, upload-time = "2026-03-01T16:00:26.196Z" }
wheels = [
    { url = "https://files.pythonhosted.org/packages/0b/d7/1959b9648791274998a9c3526f6d0ec8fd2233e4d4acce81bbae76b44b2a/python_dotenv-1.2.2-py3-none-any.whl", hash = "sha256:1d8214789a24de455a8b8bd8ae6fe3c6b69a5e3d64aa8a8e5d68e694bbcb285a", size = 22101, upload-time = "2026-03-01T16:00:25.09Z" },
]

[[package]]
name = "requests"
version = "2.34.2"
source = { registry = "https://pypi.org/simple" }
dependencies = [
    { name = "certifi" },
    { name = "charset-normalizer" },
    { name = "idna" },
    { name = "urllib3" },
]
sdist = { url = "https://files.pythonhosted.org/packages/ac/c3/e2a2b89f2d3e2179abd6d00ebd70bff6273f37fb3e0cc209f48b39d00cbf/requests-2.34.2.tar.gz", hash = "sha256:f288924cae4e29463698d6d60bc6a4da69c89185ad1e0bcc4104f584e960b9ed", size = 142856, upload-time = "2026-05-14T19:25:27.735Z" }
wheels = [
    { url = "https://files.pythonhosted.org/packages/a0/f4/c67b0b3f1b9245e8d266f0f112c500d50e5b4e83cb6f3b71b6528104182a/requests-2.34.2-py3-none-any.whl", hash = "sha256:2a0d60c172f83ac6ab31e4554906c0f3b3588d37b5cb939b1c061f4907e278e0", size = 73075, upload-time = "2026-05-14T19:25:26.443Z" },
]

[[package]]
name = "setuptools"
version = "68.0.0"
source = { registry = "https://pypi.org/simple" }
sdist = { url = "https://files.pythonhosted.org/packages/dc/98/5f896af066c128669229ff1aa81553ac14cfb3e5e74b6b44594132b8540e/setuptools-68.0.0.tar.gz", hash = "sha256:baf1fdb41c6da4cd2eae722e135500da913332ab3f2f5c7d33af9b492acb5235", size = 2194111, upload-time = "2023-06-19T15:53:05.082Z" }
wheels = [
    { url = "https://files.pythonhosted.org/packages/c7/42/be1c7bbdd83e1bfb160c94b9cafd8e25efc7400346cf7ccdbdb452c467fa/setuptools-68.0.0-py3-none-any.whl", hash = "sha256:11e52c67415a381d10d6b462ced9cfb97066179f0e871399e006c4ab101fc85f", size = 804037, upload-time = "2023-06-19T15:53:03.089Z" },
]

[[package]]
name = "six"
version = "1.17.0"
source = { registry = "https://pypi.org/simple" }
sdist = { url = "https://files.pythonhosted.org/packages/94/e7/b2c673351809dca68a0e064b6af791aa332cf192da575fd474ed7d6f16a2/six-1.17.0.tar.gz", hash = "sha256:ff70335d468e7eb6ec65b95b99d3a2836546063f63acc5171de367e834932a81", size = 34031, upload-time = "2024-12-04T17:35:28.174Z" }
wheels = [
    { url = "https://files.pythonhosted.org/packages/b7/ce/149a00dd41f10bc29e5921b496af8b574d8413afcd5e30dfa0ed46c2cc5e/six-1.17.0-py2.py3-none-any.whl", hash = "sha256:4721f391ed90541fddacab5acf947aa0d3dc7d27b2e1e8eda2be8970586c3274", size = 11050, upload-time = "2024-12-04T17:35:26.475Z" },
]

[[package]]
name = "starlette"
version = "1.3.1"
source = { registry = "https://pypi.org/simple" }
dependencies = [
    { name = "anyio" },
    { name = "typing-extensions" },
]
sdist = { url = "https://files.pythonhosted.org/packages/eb/e3/7c1dc7381d9f8ab7d854328ebfa884e62cb3f3d8549ddfd37c7814f42afa/starlette-1.3.1.tar.gz", hash = "sha256:05d0213193f2fbaae60e2ecb593b4add4262ad4e46536b54abe36f11a71724e0", size = 2703240, upload-time = "2026-06-12T09:23:11.602Z" }
wheels = [
    { url = "https://files.pythonhosted.org/packages/ec/bb/2799cc2ede3ed41131f8975621e7213dfc7ef4acbbaadfa440f32500c370/starlette-1.3.1-py3-none-any.whl", hash = "sha256:c7372aae11c3c3f26a42df7bd626cec2f47d03483d261d369516a615a53714c6", size = 73632, upload-time = "2026-06-12T09:23:10.017Z" },
]

[[package]]
name = "stone"
version = "3.5.0"
source = { registry = "https://pypi.org/simple" }
dependencies = [
    { name = "jinja2" },
    { name = "packaging" },
    { name = "ply" },
]
sdist = { url = "https://files.pythonhosted.org/packages/9f/a7/c025a643da5a025640604045a8cd6d7dc87acbcda4ac42629a35769fc4de/stone-3.5.0.tar.gz", hash = "sha256:6903daddbf02472373b3716eebf1c1b17bb19807b18b67e9db1044967a3dbcb6", size = 192971, upload-time = "2026-07-10T16:54:40.773Z" }
wheels = [
    { url = "https://files.pythonhosted.org/packages/83/b4/9863961c709e696d90ae38e1d7b1e95559167444f746886c461bda03d285/stone-3.5.0-py3-none-any.whl", hash = "sha256:9d7442c3504b843e1b7f2475400acfd3daad08764aa852e1a9e3c6c284fee3b3", size = 163905, upload-time = "2026-07-10T16:54:39.514Z" },
]

[[package]]
name = "typing-extensions"
version = "4.16.0"
source = { registry = "https://pypi.org/simple" }
sdist = { url = "https://files.pythonhosted.org/packages/f6/cc/6253133b5bb138fc3306cebfbda2c520f545d36b5be2c7255cc528bb45d6/typing_extensions-4.16.0.tar.gz", hash = "sha256:dc983d19a509c94dba722ee6abd33940f7c05a89e243c47e907eb4db6f1a43e5", size = 113555, upload-time = "2026-07-02T08:40:05.92Z" }
wheels = [
    { url = "https://files.pythonhosted.org/packages/49/d3/b8441a820a491ddfc024b0b0cf0393375b75ea13866d9c66727e54c2fc80/typing_extensions-4.16.0-py3-none-any.whl", hash = "sha256:481caa481374e813c1b176ada14e97f1f67a4539ce9cfeb3f350d78d6370c2e8", size = 45571, upload-time = "2026-07-02T08:40:04.659Z" },
]

[[package]]
name = "typing-inspection"
version = "0.4.2"
source = { registry = "https://pypi.org/simple" }
dependencies = [
    { name = "typing-extensions" },
]
sdist = { url = "https://files.pythonhosted.org/packages/55/e3/70399cb7dd41c10ac53367ae42139cf4b1ca5f36bb3dc6c9d33acdb43655/typing_inspection-0.4.2.tar.gz", hash = "sha256:ba561c48a67c5958007083d386c3295464928b01faa735ab8547c5692e87f464", size = 75949, upload-time = "2025-10-01T02:14:41.687Z" }
wheels = [
    { url = "https://files.pythonhosted.org/packages/dc/9b/47798a6c91d8bdb567fe2698fe81e0c6b7cb7ef4d13da4114b41d239f65d/typing_inspection-0.4.2-py3-none-any.whl", hash = "sha256:4ed1cacbdc298c220f1bd249ed5287caa16f34d44ef4e9c3d0cbad5b521545e7", size = 14611, upload-time = "2025-10-01T02:14:40.154Z" },
]

[[package]]
name = "urllib3"
version = "2.7.0"
source = { registry = "https://pypi.org/simple" }
sdist = { url = "https://files.pythonhosted.org/packages/53/0c/06f8b233b8fd13b9e5ee11424ef85419ba0d8ba0b3138bf360be2ff56953/urllib3-2.7.0.tar.gz", hash = "sha256:231e0ec3b63ceb14667c67be60f2f2c40a518cb38b03af60abc813da26505f4c", size = 433602, upload-time = "2026-05-07T16:13:18.596Z" }
wheels = [
    { url = "https://files.pythonhosted.org/packages/7f/3e/5db95bcf282c52709639744ca2a8b149baccf648e39c8cc87553df9eae0c/urllib3-2.7.0-py3-none-any.whl", hash = "sha256:9fb4c81ebbb1ce9531cce37674bbc6f1360472bc18ca9a553ede278ef7276897", size = 131087, upload-time = "2026-05-07T16:13:17.151Z" },
]

[[package]]
name = "uvicorn"
version = "0.51.0"
source = { registry = "https://pypi.org/simple" }
dependencies = [
    { name = "click" },
    { name = "h11" },
]
sdist = { url = "https://files.pythonhosted.org/packages/a2/65/b7c6c443ccc58678c91e1e973bbe2a878591538655d6e1d47f24ba1c51f3/uvicorn-0.51.0.tar.gz", hash = "sha256:f6f4b69b657c312f516dd2d268ab9ae6f254b11e4bac504f37b2ab58b24dd0b0", size = 94412, upload-time = "2026-07-08T10:59:05.962Z" }
wheels = [
    { url = "https://files.pythonhosted.org/packages/45/ec/dbb7e5a6b91f86bfb9eb7d2988a2730907b6a729875b949c7f022e8b88fa/uvicorn-0.51.0-py3-none-any.whl", hash = "sha256:5d38af6cd620f2ae3849fb44fd4879e0890aa1febe8d47eb355fb45d93fe6a5b", size = 73219, upload-time = "2026-07-08T10:59:04.44Z" },
]
